
Microsoft Visual Studio Solution File, Format Version 12.00
# Visual Studio Version 16
VisualStudioVersion = 16.0.30804.86
MinimumVisualStudioVersion = 10.0.40219.1
Project("{9A19103F-16F7-4668-BE54-9A1E7A4F7556}") = "GreenvurcelUI", "GreenvurcelUI\GreenvurcelUI.csproj", "{B9E9188F-A6A4-49C8-8EDD-982BF3978FF0}"
EndProject
Project("{9A19103F-16F7-4668-BE54-9A1E7A4F7556}") = "GreenvurcelDAL", "GreenvurcelDAL\GreenvurcelDAL.csproj", "{497EDA45-3154-468D-A0D2-C8D5C4BCE7D5}"
EndProject
Project("{FAE04EC0-301F-11D3-BF4B-00C04F79EFBC}") = "Tests", "Tests\Tests.csproj", "{12FFDFDE-35FC-4F97-9FE0-DCCEE976B479}"
EndProject
Global
	GlobalSection(SolutionConfigurationPlatforms) = preSolution
		Debug|Any CPU = Debug|Any CPU
		Release|Any CPU = Release|Any CPU
	EndGlobalSection
	GlobalSection(ProjectConfigurationPlatforms) = postSolution
		{B9E9188F-A6A4-49C8-8EDD-982BF3978FF0}.Debug|Any CPU.ActiveCfg = Debug|Any CPU
		{B9E9188F-A6A4-49C8-8EDD-982BF3978FF0}.Debug|Any CPU.Build.0 = Debug|Any CPU
		{B9E9188F-A6A4-49C8-8EDD-982BF3978FF0}.Release|Any CPU.ActiveCfg = Release|Any CPU
		{B9E9188F-A6A4-49C8-8EDD-982BF3978FF0}.Release|Any CPU.Build.0 = Release|Any CPU
		{497EDA45-3154-468D-A0D2-C8D5C4BCE7D5}.Debug|Any CPU.ActiveCfg = Debug|Any CPU
		{497EDA45-3154-468D-A0D2-C8D5C4BCE7D5}.Debug|Any CPU.Build.0 = Debug|Any CPU
		{497EDA45-3154-468D-A0D2-C8D5C4BCE7D5}.Release|Any CPU.ActiveCfg = Release|Any CPU
		{497EDA45-3154-468D-A0D2-C8D5C4BCE7D5}.Release|Any CPU.Build.0 = Release|Any CPU
		{12FFDFDE-35FC-4F97-9FE0-DCCEE976B479}.Debug|Any CPU.ActiveCfg = Debug|Any CPU
		{12FFDFDE-35FC-4F97-9FE0-DCCEE976B479}.Debug|Any CPU.Build.0 = Debug|Any CPU
		{12FFDFDE-35FC-4F97-9FE0-DCCEE976B479}.Release|Any CPU.ActiveCfg = Release|Any CPU
		{12FFDFDE-35FC-4F97-9FE0-DCCEE976B479}.Release|Any CPU.Build.0 = Release|Any CPU
	EndGlobalSection
	GlobalSection(SolutionProperties) = preSolution
		HideSolutionNode = FALSE
	EndGlobalSection
	GlobalSection(ExtensibilityGlobals) = postSolution
		SolutionGuid = {088D5F1C-CDA1-4AF6-BBBC-50E9A4E9D494}
	EndGlobalSection
EndGlobal
